Mirror in progress since Mon, 04 Dec 2023 11:54:33 .. please wait!
httrack https://w5.ab.ust.hk/wcq/cgi-bin/2320/ -O docs/class_quota -v -s0 -#p -#L1000000000000 https://w5.ab.ust.hk/wcq/cgi-bin/2320/ -O docs/class_quota -v -s0 -#p -#L1000000000000 -iC1 https://w5.ab.ust.hk/wcq/cgi-bin/2320/ -O docs/class_quota -v -s0 -#p -#L1000000000000 -iC2 
To pause the engine: create an empty file named 'hts-stop.lock'
PID=12084
UID=1000
GID=1000
START=1701662073
