Mirror in progress since Tue, 05 Dec 2023 10:31:52 .. please wait!
httrack https://w5.ab.ust.hk/wcq/cgi-bin/2320/ -O docs/class_quota -v -s0 -#p -#L1000000000000 https://w5.ab.ust.hk/wcq/cgi-bin/2320/ -O docs/class_quota -v -s0 -#p -#L1000000000000 -iC2 https://w5.ab.ust.hk/wcq/cgi-bin/2320/ -O docs/class_quota -v -s0 -#p -#L1000000000000 -iC2 https://w5.ab.ust.hk/wcq/cgi-bin/2320/ -O docs/class_quota -v -s0 -#p -#L1000000000000 -iC2 https://w5.ab.ust.hk/wcq/cgi-bin/2320/ -O docs/class_quota -v -s0 -#p -#L1000000000000 -iC1 
To pause the engine: create an empty file named 'hts-stop.lock'
PID=1957
UID=1001
GID=1001
START=1701772312
