Mirror in progress since Thu, 07 Dec 2023 06:51:30 .. please wait!
httrack http://luanboshiysclub.com/ -O docs/luanboshiysclub -v -s0 -#p -#L1000000000000 http://luanboshiysclub.com/ -O docs/luanboshiysclub -v -s0 -#p -#L1000000000000 -iC1 http://luanboshiysclub.com/ -O docs/luanboshiysclub -v -s0 -#p -#L1000000000000 -iC1 http://luanboshiysclub.com/ -O docs/luanboshiysclub -v -s0 -#p -#L1000000000000 -iC1 http://luanboshiysclub.com/ -O docs/luanboshiysclub -v -s0 -#p -#L1000000000000 -iC1 
To pause the engine: create an empty file named 'hts-stop.lock'
PID=3476
UID=1001
GID=1001
START=1701931890
