Mirror in progress since Wed, 06 Dec 2023 18:51:19 .. please wait!
httrack http://luanboshiysclub.com/ -O docs/luanboshiysclub -v -s0 -#p -#L1000000000000 http://luanboshiysclub.com/ -O docs/luanboshiysclub -v -s0 -#p -#L1000000000000 -iC1 http://luanboshiysclub.com/ -O docs/luanboshiysclub -v -s0 -#p -#L1000000000000 -iC1 
To pause the engine: create an empty file named 'hts-stop.lock'
PID=3591
UID=1001
GID=1001
START=1701888679
