Mirror in progress since Thu, 07 Dec 2023 12:59:52 .. please wait!
httrack http://luanboshiysclub.com/ -O docs/luanboshiysclub -v -s0 -#p -#L1000000000000 http://luanboshiysclub.com/ -O docs/luanboshiysclub -v -s0 -#p -#L1000000000000 -iC1 http://luanboshiysclub.com/ -O docs/luanboshiysclub -v -s0 -#p -#L1000000000000 -iC1 http://luanboshiysclub.com/ -O docs/luanboshiysclub -v -s0 -#p -#L1000000000000 -iC1 http://luanboshiysclub.com/ -O docs/luanboshiysclub -v -s0 -#p -#L1000000000000 -iC1 http://luanboshiysclub.com/ -O docs/luanboshiysclub -v -s0 -#p -#L1000000000000 -iC1 
To pause the engine: create an empty file named 'hts-stop.lock'
PID=3450
UID=1001
GID=1001
START=1701953992
